
Microsoft Visual Studio Solution File, Format Version 12.00
# Visual Studio 15
VisualStudioVersion = 15.0.26730.12
MinimumVisualStudioVersion = 10.0.40219.1
Project("{FAE04EC0-301F-11D3-BF4B-00C04F79EFBC}") = "corelab", "corelab\corelab.csproj", "{AC542959-C9D5-427E-9F7D-B53C942B1F92}"
EndProject
Global
	GlobalSection(SolutionConfigurationPlatforms) = preSolution
		Debug|Any CPU = Debug|Any CPU
		Release|Any CPU = Release|Any CPU
	EndGlobalSection
	GlobalSection(ProjectConfigurationPlatforms) = postSolution
		{AC542959-C9D5-427E-9F7D-B53C942B1F92}.Debug|Any CPU.ActiveCfg = Debug|Any CPU
		{AC542959-C9D5-427E-9F7D-B53C942B1F92}.Debug|Any CPU.Build.0 = Debug|Any CPU
		{AC542959-C9D5-427E-9F7D-B53C942B1F92}.Release|Any CPU.ActiveCfg = Release|Any CPU
		{AC542959-C9D5-427E-9F7D-B53C942B1F92}.Release|Any CPU.Build.0 = Release|Any CPU
	EndGlobalSection
	GlobalSection(SolutionProperties) = preSolution
		HideSolutionNode = FALSE
	EndGlobalSection
	GlobalSection(ExtensibilityGlobals) = postSolution
		SolutionGuid = {D648786A-FD09-4282-82EE-29F88BEA7734}
	EndGlobalSection
EndGlobal
